lockfileVersion: 5.3

importers:

  .:
    specifiers:
      typescript: 4.8.4
      vue: 3.2.41
    dependencies:
      typescript: 4.8.4
      vue: 3.2.41

packages:

  /@babel/parser/7.19.4:
    resolution: {integrity: sha1-A8QznSuJces77KUlK6/Zufeds9w=}
    engines: {node: '>=6.0.0'}
    hasBin: true
    dev: false

  /@vue/compiler-core/3.2.41:
    resolution: {integrity: sha1-+1sl8jgXQA9EN32HigzerYCEU+8=}
    dependencies:
      '@babel/parser': 7.19.4
      '@vue/shared': 3.2.41
      estree-walker: 2.0.2
      source-map: 0.6.1
    dev: false

  /@vue/compiler-dom/3.2.41:
    resolution: {integrity: sha1-3GPc086MqKhyHxQAnUmKelQ4Apk=}
    dependencies:
      '@vue/compiler-core': 3.2.41
      '@vue/shared': 3.2.41
    dev: false

  /@vue/compiler-sfc/3.2.41:
    resolution: {integrity: sha1-I4+4xIMYQIyFZ0j0EWr/jMHcKnM=}
    dependencies:
      '@babel/parser': 7.19.4
      '@vue/compiler-core': 3.2.41
      '@vue/compiler-dom': 3.2.41
      '@vue/compiler-ssr': 3.2.41
      '@vue/reactivity-transform': 3.2.41
      '@vue/shared': 3.2.41
      estree-walker: 2.0.2
      magic-string: 0.25.9
      postcss: 8.4.18
      source-map: 0.6.1
    dev: false

  /@vue/compiler-ssr/3.2.41:
    resolution: {integrity: sha1-NE9WTWhYSzM2dzHAT/yUl4RhH8s=}
    dependencies:
      '@vue/compiler-dom': 3.2.41
      '@vue/shared': 3.2.41
    dev: false

  /@vue/reactivity-transform/3.2.41:
    resolution: {integrity: sha1-n/k4h3YAyX9kbgmsGVm1FQ+xGgw=}
    dependencies:
      '@babel/parser': 7.19.4
      '@vue/compiler-core': 3.2.41
      '@vue/shared': 3.2.41
      estree-walker: 2.0.2
      magic-string: 0.25.9
    dev: false

  /@vue/reactivity/3.2.41:
    resolution: {integrity: sha1-CtO99212gi2hUC3J85Ta/QJkKWM=}
    dependencies:
      '@vue/shared': 3.2.41
    dev: false

  /@vue/runtime-core/3.2.41:
    resolution: {integrity: sha1-d1v8ALP6263at3E48jMiruNRenY=}
    dependencies:
      '@vue/reactivity': 3.2.41
      '@vue/shared': 3.2.41
    dev: false

  /@vue/runtime-dom/3.2.41:
    resolution: {integrity: sha1-zfhr50EPexXCljKpbOh55bTJq5I=}
    dependencies:
      '@vue/runtime-core': 3.2.41
      '@vue/shared': 3.2.41
      csstype: 2.6.21
    dev: false

  /@vue/server-renderer/3.2.41_vue@3.2.41:
    resolution: {integrity: sha1-ymRVLAWHj5To0ZGsQ5FBwGwPsq0=}
    peerDependencies:
      vue: 3.2.41
    dependencies:
      '@vue/compiler-ssr': 3.2.41
      '@vue/shared': 3.2.41
      vue: 3.2.41
    dev: false

  /@vue/shared/3.2.41:
    resolution: {integrity: sha1-+8lUIt9lTqZOhCjs7Za6atVV0rs=}
    dev: false

  /csstype/2.6.21:
    resolution: {integrity: sha1-LvuFt8xVyAAXxmpa18vZMf2jqQ4=}
    dev: false

  /estree-walker/2.0.2:
    resolution: {integrity: sha1-UvAQF4wqTBF6d1fP6UKtt9LaTKw=}
    dev: false

  /magic-string/0.25.9:
    resolution: {integrity: sha1-3n+fr5HvihyR0CwuUxTIJ3283Rw=}
    dependencies:
      sourcemap-codec: 1.4.8
    dev: false

  /nanoid/3.3.4:
    resolution: {integrity: sha1-cwtn480J4t6s8DwCfIHJ2dvF6Ks=}
    engines: {node: ^10 || ^12 || ^13.7 || ^14 || >=15.0.1}
    hasBin: true
    dev: false

  /picocolors/1.0.0:
    resolution: {integrity: sha1-y1vcdP8/UYkiNur3nWi8RFZKuBw=}
    dev: false

  /postcss/8.4.18:
    resolution: {integrity: sha1-bVAEbqfT1mqF4OeCB05yA7x/vKI=}
    engines: {node: ^10 || ^12 || >=14}
    dependencies:
      nanoid: 3.3.4
      picocolors: 1.0.0
      source-map-js: 1.0.2
    dev: false

  /source-map-js/1.0.2:
    resolution: {integrity: sha1-rbw2HZxi3zgBJefxYfccgm8eSQw=}
    engines: {node: '>=0.10.0'}
    dev: false

  /source-map/0.6.1:
    resolution: {integrity: sha1-dHIq8y6WFOnCh6jQu95IteLxomM=}
    engines: {node: '>=0.10.0'}
    dev: false

  /sourcemap-codec/1.4.8:
    resolution: {integrity: sha1-6oBL2UhXQC5pktBaOO8a41qatMQ=}
    dev: false

  /typescript/4.8.4:
    resolution: {integrity: sha1-xGSryhWWaVl75flriUNQCyOOYOY=}
    engines: {node: '>=4.2.0'}
    hasBin: true
    dev: false

  /vue/3.2.41:
    resolution: {integrity: sha1-7UUrig9/K5YvBVyJVROcKLHAaAY=}
    dependencies:
      '@vue/compiler-dom': 3.2.41
      '@vue/compiler-sfc': 3.2.41
      '@vue/runtime-dom': 3.2.41
      '@vue/server-renderer': 3.2.41_vue@3.2.41
      '@vue/shared': 3.2.41
    dev: false
